
Microsoft Visual Studio Solution File, Format Version 12.00
# Visual Studio Version 17
VisualStudioVersion = 17.13.35931.197
MinimumVisualStudioVersion = 10.0.40219.1
Project("{FAE04EC0-301F-11D3-BF4B-00C04F79EFBC}") = "LeaderboardService", "LeaderboardService.csproj", "{131DE9CD-7E73-AF8D-5C17-0451919FFD4B}"
EndProject
Global
	GlobalSection(SolutionConfigurationPlatforms) = preSolution
		Debug|Any CPU = Debug|Any CPU
		Release|Any CPU = Release|Any CPU
	EndGlobalSection
	GlobalSection(ProjectConfigurationPlatforms) = postSolution
		{131DE9CD-7E73-AF8D-5C17-0451919FFD4B}.Debug|Any CPU.ActiveCfg = Debug|Any CPU
		{131DE9CD-7E73-AF8D-5C17-0451919FFD4B}.Debug|Any CPU.Build.0 = Debug|Any CPU
		{131DE9CD-7E73-AF8D-5C17-0451919FFD4B}.Release|Any CPU.ActiveCfg = Release|Any CPU
		{131DE9CD-7E73-AF8D-5C17-0451919FFD4B}.Release|Any CPU.Build.0 = Release|Any CPU
	EndGlobalSection
	GlobalSection(SolutionProperties) = preSolution
		HideSolutionNode = FALSE
	EndGlobalSection
	GlobalSection(ExtensibilityGlobals) = postSolution
		SolutionGuid = {76EB4AC2-92EA-482C-85C8-E1EAD02B7DDC}
	EndGlobalSection
EndGlobal
